
Microsoft Visual Studio Solution File, Format Version 12.00
# Visual Studio Version 16
VisualStudioVersion = 16.0.32802.440
MinimumVisualStudioVersion = 10.0.40219.1
Project("{FAE04EC0-301F-11D3-BF4B-00C04F79EFBC}") = "Presentacion", "Presentacion\Presentacion.csproj", "{94D944B3-3CBA-4BFC-BEDC-725F48CCE3CA}"
EndProject
Project("{2150E333-8FDC-42A3-9474-1A3956D46DE8}") = "01-Presentacion", "01-Presentacion", "{C38A7FBD-39F5-49BA-BFEA-7D19F883D09F}"
EndProject
Project("{2150E333-8FDC-42A3-9474-1A3956D46DE8}") = "02-ArquietecturaTransversal", "02-ArquietecturaTransversal", "{1AA5F4B7-8291-4320-865F-3A5C5037F842}"
EndProject
Project("{2150E333-8FDC-42A3-9474-1A3956D46DE8}") = "03-Conexion", "03-Conexion", "{9FDC8479-3842-478E-BE13-2B2770AC2B4D}"
EndProject
Project("{FAE04EC0-301F-11D3-BF4B-00C04F79EFBC}") = "Transversal", "Transversal\Transversal.csproj", "{0C98C288-51C1-419D-9818-9AB72F70E5B8}"
EndProject
Project("{FAE04EC0-301F-11D3-BF4B-00C04F79EFBC}") = "ConexionWeb", "ConexionWeb\ConexionWeb.csproj", "{419E425C-6E22-45B3-81E4-969690AAAB88}"
EndProject
Global
	GlobalSection(SolutionConfigurationPlatforms) = preSolution
		Debug|Any CPU = Debug|Any CPU
		Release|Any CPU = Release|Any CPU
	EndGlobalSection
	GlobalSection(ProjectConfigurationPlatforms) = postSolution
		{94D944B3-3CBA-4BFC-BEDC-725F48CCE3CA}.Debug|Any CPU.ActiveCfg = Debug|Any CPU
		{94D944B3-3CBA-4BFC-BEDC-725F48CCE3CA}.Debug|Any CPU.Build.0 = Debug|Any CPU
		{94D944B3-3CBA-4BFC-BEDC-725F48CCE3CA}.Release|Any CPU.ActiveCfg = Release|Any CPU
		{94D944B3-3CBA-4BFC-BEDC-725F48CCE3CA}.Release|Any CPU.Build.0 = Release|Any CPU
		{0C98C288-51C1-419D-9818-9AB72F70E5B8}.Debug|Any CPU.ActiveCfg = Debug|Any CPU
		{0C98C288-51C1-419D-9818-9AB72F70E5B8}.Debug|Any CPU.Build.0 = Debug|Any CPU
		{0C98C288-51C1-419D-9818-9AB72F70E5B8}.Release|Any CPU.ActiveCfg = Release|Any CPU
		{0C98C288-51C1-419D-9818-9AB72F70E5B8}.Release|Any CPU.Build.0 = Release|Any CPU
		{419E425C-6E22-45B3-81E4-969690AAAB88}.Debug|Any CPU.ActiveCfg = Debug|Any CPU
		{419E425C-6E22-45B3-81E4-969690AAAB88}.Debug|Any CPU.Build.0 = Debug|Any CPU
		{419E425C-6E22-45B3-81E4-969690AAAB88}.Release|Any CPU.ActiveCfg = Release|Any CPU
		{419E425C-6E22-45B3-81E4-969690AAAB88}.Release|Any CPU.Build.0 = Release|Any CPU
	EndGlobalSection
	GlobalSection(SolutionProperties) = preSolution
		HideSolutionNode = FALSE
	EndGlobalSection
	GlobalSection(NestedProjects) = preSolution
		{94D944B3-3CBA-4BFC-BEDC-725F48CCE3CA} = {C38A7FBD-39F5-49BA-BFEA-7D19F883D09F}
		{0C98C288-51C1-419D-9818-9AB72F70E5B8} = {1AA5F4B7-8291-4320-865F-3A5C5037F842}
		{419E425C-6E22-45B3-81E4-969690AAAB88} = {9FDC8479-3842-478E-BE13-2B2770AC2B4D}
	EndGlobalSection
	GlobalSection(ExtensibilityGlobals) = postSolution
		SolutionGuid = {EEFDE0AB-850A-47AD-B3A3-6B0AC8DA4C61}
	EndGlobalSection
EndGlobal
